
Microsoft Visual Studio Solution File, Format Version 12.00
# Visual Studio Version 17
VisualStudioVersion = 17.4.33205.214
MinimumVisualStudioVersion = 10.0.40219.1
Project("{FAE04EC0-301F-11D3-BF4B-00C04F79EFBC}") = "Sims2ResolutionChanger", "Sims2ResolutionChanger.csproj", "{70E510F0-91A4-422C-8E86-63173F21EBA4}"
EndProject
Global
	GlobalSection(SolutionConfigurationPlatforms) = preSolution
		Debug|Any CPU = Debug|Any CPU
		Release|Any CPU = Release|Any CPU
	EndGlobalSection
	GlobalSection(ProjectConfigurationPlatforms) = postSolution
		{70E510F0-91A4-422C-8E86-63173F21EBA4}.Debug|Any CPU.ActiveCfg = Debug|Any CPU
		{70E510F0-91A4-422C-8E86-63173F21EBA4}.Debug|Any CPU.Build.0 = Debug|Any CPU
		{70E510F0-91A4-422C-8E86-63173F21EBA4}.Release|Any CPU.ActiveCfg = Release|Any CPU
		{70E510F0-91A4-422C-8E86-63173F21EBA4}.Release|Any CPU.Build.0 = Release|Any CPU
	EndGlobalSection
	GlobalSection(SolutionProperties) = preSolution
		HideSolutionNode = FALSE
	EndGlobalSection
	GlobalSection(ExtensibilityGlobals) = postSolution
		SolutionGuid = {01E97F42-1308-4B2B-AC1F-B7BADF34A336}
	EndGlobalSection
EndGlobal
